
Microsoft Visual Studio Solution File, Format Version 12.00
# Visual Studio Version 17
VisualStudioVersion = 17.14.36511.14
MinimumVisualStudioVersion = 10.0.40219.1
Project("{FAE04EC0-301F-11D3-BF4B-00C04F79EFBC}") = "Once.Api", "src\Once.Api\Once.Api.csproj", "{6AE07A16-9A66-4CE6-9016-FF9F52CC08EB}"
EndProject
Project("{FAE04EC0-301F-11D3-BF4B-00C04F79EFBC}") = "Once.Infrastructure", "src\Once.Infrastructure\Once.Infrastructure.csproj", "{497AD157-AC6F-4EB5-84B1-367A891BB638}"
EndProject
Project("{FAE04EC0-301F-11D3-BF4B-00C04F79EFBC}") = "Once.Application", "src\Once.Application\Once.Application.csproj", "{07D7F44F-7B7C-4DDF-8A18-87C7F366F246}"
EndProject
Project("{FAE04EC0-301F-11D3-BF4B-00C04F79EFBC}") = "Once.Domain", "src\Once.Domain\Once.Domain.csproj", "{73EA1B0B-9796-407A-901C-79321F54497B}"
EndProject
Project("{2150E333-8FDC-42A3-9474-1A3956D46DE8}") = "src", "src", "{6186F1A9-CDC4-4B39-BC94-2DF94AA5C2D6}"
EndProject
Project("{2150E333-8FDC-42A3-9474-1A3956D46DE8}") = "tests", "tests", "{08D7C216-2D0E-4C90-AA31-9F8F95CF8750}"
EndProject
Global
	GlobalSection(SolutionConfigurationPlatforms) = preSolution
		Debug|Any CPU = Debug|Any CPU
		Debug|x64 = Debug|x64
		Debug|x86 = Debug|x86
		Release|Any CPU = Release|Any CPU
		Release|x64 = Release|x64
		Release|x86 = Release|x86
	EndGlobalSection
	GlobalSection(ProjectConfigurationPlatforms) = postSolution
		{6AE07A16-9A66-4CE6-9016-FF9F52CC08EB}.Debug|Any CPU.ActiveCfg = Debug|Any CPU
		{6AE07A16-9A66-4CE6-9016-FF9F52CC08EB}.Debug|Any CPU.Build.0 = Debug|Any CPU
		{6AE07A16-9A66-4CE6-9016-FF9F52CC08EB}.Debug|x64.ActiveCfg = Debug|Any CPU
		{6AE07A16-9A66-4CE6-9016-FF9F52CC08EB}.Debug|x64.Build.0 = Debug|Any CPU
		{6AE07A16-9A66-4CE6-9016-FF9F52CC08EB}.Debug|x86.ActiveCfg = Debug|Any CPU
		{6AE07A16-9A66-4CE6-9016-FF9F52CC08EB}.Debug|x86.Build.0 = Debug|Any CPU
		{6AE07A16-9A66-4CE6-9016-FF9F52CC08EB}.Release|Any CPU.ActiveCfg = Release|Any CPU
		{6AE07A16-9A66-4CE6-9016-FF9F52CC08EB}.Release|Any CPU.Build.0 = Release|Any CPU
		{6AE07A16-9A66-4CE6-9016-FF9F52CC08EB}.Release|x64.ActiveCfg = Release|Any CPU
		{6AE07A16-9A66-4CE6-9016-FF9F52CC08EB}.Release|x64.Build.0 = Release|Any CPU
		{6AE07A16-9A66-4CE6-9016-FF9F52CC08EB}.Release|x86.ActiveCfg = Release|Any CPU
		{6AE07A16-9A66-4CE6-9016-FF9F52CC08EB}.Release|x86.Build.0 = Release|Any CPU
		{497AD157-AC6F-4EB5-84B1-367A891BB638}.Debug|Any CPU.ActiveCfg = Debug|Any CPU
		{497AD157-AC6F-4EB5-84B1-367A891BB638}.Debug|Any CPU.Build.0 = Debug|Any CPU
		{497AD157-AC6F-4EB5-84B1-367A891BB638}.Debug|x64.ActiveCfg = Debug|Any CPU
		{497AD157-AC6F-4EB5-84B1-367A891BB638}.Debug|x64.Build.0 = Debug|Any CPU
		{497AD157-AC6F-4EB5-84B1-367A891BB638}.Debug|x86.ActiveCfg = Debug|Any CPU
		{497AD157-AC6F-4EB5-84B1-367A891BB638}.Debug|x86.Build.0 = Debug|Any CPU
		{497AD157-AC6F-4EB5-84B1-367A891BB638}.Release|Any CPU.ActiveCfg = Release|Any CPU
		{497AD157-AC6F-4EB5-84B1-367A891BB638}.Release|Any CPU.Build.0 = Release|Any CPU
		{497AD157-AC6F-4EB5-84B1-367A891BB638}.Release|x64.ActiveCfg = Release|Any CPU
		{497AD157-AC6F-4EB5-84B1-367A891BB638}.Release|x64.Build.0 = Release|Any CPU
		{497AD157-AC6F-4EB5-84B1-367A891BB638}.Release|x86.ActiveCfg = Release|Any CPU
		{497AD157-AC6F-4EB5-84B1-367A891BB638}.Release|x86.Build.0 = Release|Any CPU
		{07D7F44F-7B7C-4DDF-8A18-87C7F366F246}.Debug|Any CPU.ActiveCfg = Debug|Any CPU
		{07D7F44F-7B7C-4DDF-8A18-87C7F366F246}.Debug|Any CPU.Build.0 = Debug|Any CPU
		{07D7F44F-7B7C-4DDF-8A18-87C7F366F246}.Debug|x64.ActiveCfg = Debug|Any CPU
		{07D7F44F-7B7C-4DDF-8A18-87C7F366F246}.Debug|x64.Build.0 = Debug|Any CPU
		{07D7F44F-7B7C-4DDF-8A18-87C7F366F246}.Debug|x86.ActiveCfg = Debug|Any CPU
		{07D7F44F-7B7C-4DDF-8A18-87C7F366F246}.Debug|x86.Build.0 = Debug|Any CPU
		{07D7F44F-7B7C-4DDF-8A18-87C7F366F246}.Release|Any CPU.ActiveCfg = Release|Any CPU
		{07D7F44F-7B7C-4DDF-8A18-87C7F366F246}.Release|Any CPU.Build.0 = Release|Any CPU
		{07D7F44F-7B7C-4DDF-8A18-87C7F366F246}.Release|x64.ActiveCfg = Release|Any CPU
		{07D7F44F-7B7C-4DDF-8A18-87C7F366F246}.Release|x64.Build.0 = Release|Any CPU
		{07D7F44F-7B7C-4DDF-8A18-87C7F366F246}.Release|x86.ActiveCfg = Release|Any CPU
		{07D7F44F-7B7C-4DDF-8A18-87C7F366F246}.Release|x86.Build.0 = Release|Any CPU
		{73EA1B0B-9796-407A-901C-79321F54497B}.Debug|Any CPU.ActiveCfg = Debug|Any CPU
		{73EA1B0B-9796-407A-901C-79321F54497B}.Debug|Any CPU.Build.0 = Debug|Any CPU
		{73EA1B0B-9796-407A-901C-79321F54497B}.Debug|x64.ActiveCfg = Debug|Any CPU
		{73EA1B0B-9796-407A-901C-79321F54497B}.Debug|x64.Build.0 = Debug|Any CPU
		{73EA1B0B-9796-407A-901C-79321F54497B}.Debug|x86.ActiveCfg = Debug|Any CPU
		{73EA1B0B-9796-407A-901C-79321F54497B}.Debug|x86.Build.0 = Debug|Any CPU
		{73EA1B0B-9796-407A-901C-79321F54497B}.Release|Any CPU.ActiveCfg = Release|Any CPU
		{73EA1B0B-9796-407A-901C-79321F54497B}.Release|Any CPU.Build.0 = Release|Any CPU
		{73EA1B0B-9796-407A-901C-79321F54497B}.Release|x64.ActiveCfg = Release|Any CPU
		{73EA1B0B-9796-407A-901C-79321F54497B}.Release|x64.Build.0 = Release|Any CPU
		{73EA1B0B-9796-407A-901C-79321F54497B}.Release|x86.ActiveCfg = Release|Any CPU
		{73EA1B0B-9796-407A-901C-79321F54497B}.Release|x86.Build.0 = Release|Any CPU
	EndGlobalSection
	GlobalSection(SolutionProperties) = preSolution
		HideSolutionNode = FALSE
	EndGlobalSection
	GlobalSection(NestedProjects) = preSolution
		{6AE07A16-9A66-4CE6-9016-FF9F52CC08EB} = {6186F1A9-CDC4-4B39-BC94-2DF94AA5C2D6}
		{497AD157-AC6F-4EB5-84B1-367A891BB638} = {6186F1A9-CDC4-4B39-BC94-2DF94AA5C2D6}
		{07D7F44F-7B7C-4DDF-8A18-87C7F366F246} = {6186F1A9-CDC4-4B39-BC94-2DF94AA5C2D6}
		{73EA1B0B-9796-407A-901C-79321F54497B} = {6186F1A9-CDC4-4B39-BC94-2DF94AA5C2D6}
	EndGlobalSection
	GlobalSection(ExtensibilityGlobals) = postSolution
		SolutionGuid = {AD77231B-8B36-477B-A750-1B14D8B5443A}
	EndGlobalSection
EndGlobal
